
Microsoft Visual Studio Solution File, Format Version 12.00
# Visual Studio Version 17
VisualStudioVersion = 17.4.33205.214
MinimumVisualStudioVersion = 10.0.40219.1
Project("{888888A0-9F3D-457C-B088-3A5042F75D52}") = "Index", "Index.pyproj", "{2D450EEC-F4D1-4801-8576-99A2096FB832}"
EndProject
Global
	GlobalSection(SolutionConfigurationPlatforms) = preSolution
		Debug|Any CPU = Debug|Any CPU
		Release|Any CPU = Release|Any CPU
	EndGlobalSection
	GlobalSection(ProjectConfigurationPlatforms) = postSolution
		{2D450EEC-F4D1-4801-8576-99A2096FB832}.Debug|Any CPU.ActiveCfg = Debug|Any CPU
		{2D450EEC-F4D1-4801-8576-99A2096FB832}.Release|Any CPU.ActiveCfg = Release|Any CPU
	EndGlobalSection
	GlobalSection(SolutionProperties) = preSolution
		HideSolutionNode = FALSE
	EndGlobalSection
	GlobalSection(ExtensibilityGlobals) = postSolution
		SolutionGuid = {3FCCD7E7-9F15-4BA4-A29B-7136A4EDDD8F}
	EndGlobalSection
EndGlobal
