
Microsoft Visual Studio Solution File, Format Version 12.00
# Visual Studio Version 17
VisualStudioVersion = 17.4.33205.214
MinimumVisualStudioVersion = 10.0.40219.1
Project("{888888A0-9F3D-457C-B088-3A5042F75D52}") = "Levonin_1", "Levonin_1.pyproj", "{397AFAA0-E111-491F-A89E-876CC7B24F55}"
EndProject
Global
	GlobalSection(SolutionConfigurationPlatforms) = preSolution
		Debug|Any CPU = Debug|Any CPU
		Release|Any CPU = Release|Any CPU
	EndGlobalSection
	GlobalSection(ProjectConfigurationPlatforms) = postSolution
		{397AFAA0-E111-491F-A89E-876CC7B24F55}.Debug|Any CPU.ActiveCfg = Debug|Any CPU
		{397AFAA0-E111-491F-A89E-876CC7B24F55}.Release|Any CPU.ActiveCfg = Release|Any CPU
	EndGlobalSection
	GlobalSection(SolutionProperties) = preSolution
		HideSolutionNode = FALSE
	EndGlobalSection
	GlobalSection(ExtensibilityGlobals) = postSolution
		SolutionGuid = {2ED2CABB-6B50-4F06-8B29-9638512DFDD0}
	EndGlobalSection
EndGlobal
