
Microsoft Visual Studio Solution File, Format Version 12.00
# Visual Studio Version 17
VisualStudioVersion = 17.4.33205.214
MinimumVisualStudioVersion = 10.0.40219.1
Project("{888888A0-9F3D-457C-B088-3A5042F75D52}") = "kodutöö", "kodutöö.pyproj", "{FCDF27AE-5789-4349-ADDF-A4EED09AA9F8}"
EndProject
Global
	GlobalSection(SolutionConfigurationPlatforms) = preSolution
		Debug|Any CPU = Debug|Any CPU
		Release|Any CPU = Release|Any CPU
	EndGlobalSection
	GlobalSection(ProjectConfigurationPlatforms) = postSolution
		{FCDF27AE-5789-4349-ADDF-A4EED09AA9F8}.Debug|Any CPU.ActiveCfg = Debug|Any CPU
		{FCDF27AE-5789-4349-ADDF-A4EED09AA9F8}.Release|Any CPU.ActiveCfg = Release|Any CPU
	EndGlobalSection
	GlobalSection(SolutionProperties) = preSolution
		HideSolutionNode = FALSE
	EndGlobalSection
	GlobalSection(ExtensibilityGlobals) = postSolution
		SolutionGuid = {904CF313-6F7B-4A5B-ABD0-4C2AF5CB8CAC}
	EndGlobalSection
EndGlobal
